// !$*UTF8*$!
{
	archiveVersion = 1;
	classes = {
	};
	objectVersion = 46;
	objects = {

/* Begin PBXBuildFile section */
		DAE47C2D1E1E6FB60075511C /* main.m in Sources */ = {isa = PBXBuildFile; fileRef = DAE47C2C1E1E6FB60075511C /* main.m */; };
		DAE47C301E1E6FB60075511C /* AppDelegate.m in Sources */ = {isa = PBXBuildFile; fileRef = DAE47C2F1E1E6FB60075511C /* AppDelegate.m */; };
		DAE47C331E1E6FB60075511C /* ViewController.m in Sources */ = {isa = PBXBuildFile; fileRef = DAE47C321E1E6FB60075511C /* ViewController.m */; };
		DAE47C361E1E6FB60075511C /* Main.storyboard in Resources */ = {isa = PBXBuildFile; fileRef = DAE47C341E1E6FB60075511C /* Main.storyboard */; };
		DAE47C381E1E6FB60075511C /* Assets.xcassets in Resources */ = {isa = PBXBuildFile; fileRef = DAE47C371E1E6FB60075511C /* Assets.xcassets */; };
		DAE47C3B1E1E6FB60075511C /* LaunchScreen.storyboard in Resources */ = {isa = PBXBuildFile; fileRef = DAE47C391E1E6FB60075511C /* LaunchScreen.storyboard */; };
		DAE47C461E1E6FB70075511C /* BasicImageScrollTests.m in Sources */ = {isa = PBXBuildFile; fileRef = DAE47C451E1E6FB70075511C /* BasicImageScrollTests.m */; };
		DAE47C511E1E6FB70075511C /* BasicImageScrollUITests.m in Sources */ = {isa = PBXBuildFile; fileRef = DAE47C501E1E6FB70075511C /* BasicImageScrollUITests.m */; };
		DAE47C661E1E715E0075511C /* MSFT.png in Resources */ = {isa = PBXBuildFile; fileRef = DAE47C5E1E1E715E0075511C /* MSFT.png */; };
		DAE47C671E1E715E0075511C /* NFG.png in Resources */ = {isa = PBXBuildFile; fileRef = DAE47C5F1E1E715E0075511C /* NFG.png */; };
		DAE47C681E1E715E0075511C /* NFLX.png in Resources */ = {isa = PBXBuildFile; fileRef = DAE47C601E1E715E0075511C /* NFLX.png */; };
		DAE47C691E1E715E0075511C /* NI.png in Resources */ = {isa = PBXBuildFile; fileRef = DAE47C611E1E715E0075511C /* NI.png */; };
		DAE47C6A1E1E715E0075511C /* NKE.png in Resources */ = {isa = PBXBuildFile; fileRef = DAE47C621E1E715E0075511C /* NKE.png */; };
		DAE47C6B1E1E715E0075511C /* NVDA.png in Resources */ = {isa = PBXBuildFile; fileRef = DAE47C631E1E715E0075511C /* NVDA.png */; };
		DAE47C6C1E1E715E0075511C /* OHI.png in Resources */ = {isa = PBXBuildFile; fileRef = DAE47C641E1E715E0075511C /* OHI.png */; };
		DAE47C6D1E1E715E0075511C /* ORCL.png in Resources */ = {isa = PBXBuildFile; fileRef = DAE47C651E1E715E0075511C /* ORCL.png */; };
/* End PBXBuildFile section */

/* Begin PBXContainerItemProxy section */
		DAE47C421E1E6FB70075511C /* PBXContainerItemProxy */ = {
			isa = PBXContainerItemProxy;
			containerPortal = DAE47C201E1E6FB60075511C /* Project object */;
			proxyType = 1;
			remoteGlobalIDString = DAE47C271E1E6FB60075511C;
			remoteInfo = BasicImageScroll;
		};
		DAE47C4D1E1E6FB70075511C /* PBXContainerItemProxy */ = {
			isa = PBXContainerItemProxy;
			containerPortal = DAE47C201E1E6FB60075511C /* Project object */;
			proxyType = 1;
			remoteGlobalIDString = DAE47C271E1E6FB60075511C;
			remoteInfo = BasicImageScroll;
		};
/* End PBXContainerItemProxy section */

/* Begin PBXFileReference section */
		DAE47C281E1E6FB60075511C /* BasicImageScroll.app */ = {isa = PBXFileReference; explicitFileType = wrapper.application; includeInIndex = 0; path = BasicImageScroll.app; sourceTree = BUILT_PRODUCTS_DIR; };
		DAE47C2C1E1E6FB60075511C /* main.m */ = {isa = PBXFileReference; lastKnownFileType = sourcecode.c.objc; path = main.m; sourceTree = "<group>"; };
		DAE47C2E1E1E6FB60075511C /* AppDelegate.h */ = {isa = PBXFileReference; lastKnownFileType = sourcecode.c.h; path = AppDelegate.h; sourceTree = "<group>"; };
		DAE47C2F1E1E6FB60075511C /* AppDelegate.m */ = {isa = PBXFileReference; lastKnownFileType = sourcecode.c.objc; path = AppDelegate.m; sourceTree = "<group>"; };
		DAE47C311E1E6FB60075511C /* ViewController.h */ = {isa = PBXFileReference; lastKnownFileType = sourcecode.c.h; path = ViewController.h; sourceTree = "<group>"; };
		DAE47C321E1E6FB60075511C /* ViewController.m */ = {isa = PBXFileReference; lastKnownFileType = sourcecode.c.objc; path = ViewController.m; sourceTree = "<group>"; };
		DAE47C351E1E6FB60075511C /* Base */ = {isa = PBXFileReference; lastKnownFileType = file.storyboard; name = Base; path = Base.lproj/Main.storyboard; sourceTree = "<group>"; };
		DAE47C371E1E6FB60075511C /* Assets.xcassets */ = {isa = PBXFileReference; lastKnownFileType = folder.assetcatalog; path = Assets.xcassets; sourceTree = "<group>"; };
		DAE47C3A1E1E6FB60075511C /* Base */ = {isa = PBXFileReference; lastKnownFileType = file.storyboard; name = Base; path = Base.lproj/LaunchScreen.storyboard; sourceTree = "<group>"; };
		DAE47C3C1E1E6FB60075511C /* Info.plist */ = {isa = PBXFileReference; lastKnownFileType = text.plist.xml; path = Info.plist; sourceTree = "<group>"; };
		DAE47C411E1E6FB70075511C /* BasicImageScrollTests.xctest */ = {isa = PBXFileReference; explicitFileType = wrapper.cfbundle; includeInIndex = 0; path = BasicImageScrollTests.xctest; sourceTree = BUILT_PRODUCTS_DIR; };
		DAE47C451E1E6FB70075511C /* BasicImageScrollTests.m */ = {isa = PBXFileReference; lastKnownFileType = sourcecode.c.objc; path = BasicImageScrollTests.m; sourceTree = "<group>"; };
		DAE47C471E1E6FB70075511C /* Info.plist */ = {isa = PBXFileReference; lastKnownFileType = text.plist.xml; path = Info.plist; sourceTree = "<group>"; };
		DAE47C4C1E1E6FB70075511C /* BasicImageScrollUITests.xctest */ = {isa = PBXFileReference; explicitFileType = wrapper.cfbundle; includeInIndex = 0; path = BasicImageScrollUITests.xctest; sourceTree = BUILT_PRODUCTS_DIR; };
		DAE47C501E1E6FB70075511C /* BasicImageScrollUITests.m */ = {isa = PBXFileReference; lastKnownFileType = sourcecode.c.objc; path = BasicImageScrollUITests.m; sourceTree = "<group>"; };
		DAE47C521E1E6FB70075511C /* Info.plist */ = {isa = PBXFileReference; lastKnownFileType = text.plist.xml; path = Info.plist; sourceTree = "<group>"; };
		DAE47C5E1E1E715E0075511C /* MSFT.png */ = {isa = PBXFileReference; lastKnownFileType = image.png; path = MSFT.png; sourceTree = "<group>"; };
		DAE47C5F1E1E715E0075511C /* NFG.png */ = {isa = PBXFileReference; lastKnownFileType = image.png; path = NFG.png; sourceTree = "<group>"; };
		DAE47C601E1E715E0075511C /* NFLX.png */ = {isa = PBXFileReference; lastKnownFileType = image.png; path = NFLX.png; sourceTree = "<group>"; };
		DAE47C611E1E715E0075511C /* NI.png */ = {isa = PBXFileReference; lastKnownFileType = image.png; path = NI.png; sourceTree = "<group>"; };
		DAE47C621E1E715E0075511C /* NKE.png */ = {isa = PBXFileReference; lastKnownFileType = image.png; path = NKE.png; sourceTree = "<group>"; };
		DAE47C631E1E715E0075511C /* NVDA.png */ = {isa = PBXFileReference; lastKnownFileType = image.png; path = NVDA.png; sourceTree = "<group>"; };
		DAE47C641E1E715E0075511C /* OHI.png */ = {isa = PBXFileReference; lastKnownFileType = image.png; path = OHI.png; sourceTree = "<group>"; };
		DAE47C651E1E715E0075511C /* ORCL.png */ = {isa = PBXFileReference; lastKnownFileType = image.png; path = ORCL.png; sourceTree = "<group>"; };
/* End PBXFileReference section */

/* Begin PBXFrameworksBuildPhase section */
		DAE47C251E1E6FB60075511C /* Frameworks */ = {
			isa = PBXFrameworksBuildPhase;
			buildActionMask = 2147483647;
			files = (
			);
			runOnlyForDeploymentPostprocessing = 0;
		};
		DAE47C3E1E1E6FB70075511C /* Frameworks */ = {
			isa = PBXFrameworksBuildPhase;
			buildActionMask = 2147483647;
			files = (
			);
			runOnlyForDeploymentPostprocessing = 0;
		};
		DAE47C491E1E6FB70075511C /* Frameworks */ = {
			isa = PBXFrameworksBuildPhase;
			buildActionMask = 2147483647;
			files = (
			);
			runOnlyForDeploymentPostprocessing = 0;
		};
/* End PBXFrameworksBuildPhase section */

/* Begin PBXGroup section */
		DAE47C1F1E1E6FB60075511C = {
			isa = PBXGroup;
			children = (
				DAE47C2A1E1E6FB60075511C /* BasicImageScroll */,
				DAE47C441E1E6FB70075511C /* BasicImageScrollTests */,
				DAE47C4F1E1E6FB70075511C /* BasicImageScrollUITests */,
				DAE47C291E1E6FB60075511C /* Products */,
			);
			sourceTree = "<group>";
		};
		DAE47C291E1E6FB60075511C /* Products */ = {
			isa = PBXGroup;
			children = (
				DAE47C281E1E6FB60075511C /* BasicImageScroll.app */,
				DAE47C411E1E6FB70075511C /* BasicImageScrollTests.xctest */,
				DAE47C4C1E1E6FB70075511C /* BasicImageScrollUITests.xctest */,
			);
			name = Products;
			sourceTree = "<group>";
		};
		DAE47C2A1E1E6FB60075511C /* BasicImageScroll */ = {
			isa = PBXGroup;
			children = (
				DAE47C2E1E1E6FB60075511C /* AppDelegate.h */,
				DAE47C2F1E1E6FB60075511C /* AppDelegate.m */,
				DAE47C311E1E6FB60075511C /* ViewController.h */,
				DAE47C321E1E6FB60075511C /* ViewController.m */,
				DAE47C5E1E1E715E0075511C /* MSFT.png */,
				DAE47C5F1E1E715E0075511C /* NFG.png */,
				DAE47C601E1E715E0075511C /* NFLX.png */,
				DAE47C611E1E715E0075511C /* NI.png */,
				DAE47C621E1E715E0075511C /* NKE.png */,
				DAE47C631E1E715E0075511C /* NVDA.png */,
				DAE47C641E1E715E0075511C /* OHI.png */,
				DAE47C651E1E715E0075511C /* ORCL.png */,
				DAE47C341E1E6FB60075511C /* Main.storyboard */,
				DAE47C371E1E6FB60075511C /* Assets.xcassets */,
				DAE47C391E1E6FB60075511C /* LaunchScreen.storyboard */,
				DAE47C3C1E1E6FB60075511C /* Info.plist */,
				DAE47C2B1E1E6FB60075511C /* Supporting Files */,
			);
			path = BasicImageScroll;
			sourceTree = "<group>";
		};
		DAE47C2B1E1E6FB60075511C /* Supporting Files */ = {
			isa = PBXGroup;
			children = (
				DAE47C2C1E1E6FB60075511C /* main.m */,
			);
			name = "Supporting Files";
			sourceTree = "<group>";
		};
		DAE47C441E1E6FB70075511C /* BasicImageScrollTests */ = {
			isa = PBXGroup;
			children = (
				DAE47C451E1E6FB70075511C /* BasicImageScrollTests.m */,
				DAE47C471E1E6FB70075511C /* Info.plist */,
			);
			path = BasicImageScrollTests;
			sourceTree = "<group>";
		};
		DAE47C4F1E1E6FB70075511C /* BasicImageScrollUITests */ = {
			isa = PBXGroup;
			children = (
				DAE47C501E1E6FB70075511C /* BasicImageScrollUITests.m */,
				DAE47C521E1E6FB70075511C /* Info.plist */,
			);
			path = BasicImageScrollUITests;
			sourceTree = "<group>";
		};
/* End PBXGroup section */

/* Begin PBXNativeTarget section */
		DAE47C271E1E6FB60075511C /* BasicImageScroll */ = {
			isa = PBXNativeTarget;
			buildConfigurationList = DAE47C551E1E6FB70075511C /* Build configuration list for PBXNativeTarget "BasicImageScroll" */;
			buildPhases = (
				DAE47C241E1E6FB60075511C /* Sources */,
				DAE47C251E1E6FB60075511C /* Frameworks */,
				DAE47C261E1E6FB60075511C /* Resources */,
			);
			buildRules = (
			);
			dependencies = (
			);
			name = BasicImageScroll;
			productName = BasicImageScroll;
			productReference = DAE47C281E1E6FB60075511C /* BasicImageScroll.app */;
			productType = "com.apple.product-type.application";
		};
		DAE47C401E1E6FB70075511C /* BasicImageScrollTests */ = {
			isa = PBXNativeTarget;
			buildConfigurationList = DAE47C581E1E6FB70075511C /* Build configuration list for PBXNativeTarget "BasicImageScrollTests" */;
			buildPhases = (
				DAE47C3D1E1E6FB70075511C /* Sources */,
				DAE47C3E1E1E6FB70075511C /* Frameworks */,
				DAE47C3F1E1E6FB70075511C /* Resources */,
			);
			buildRules = (
			);
			dependencies = (
				DAE47C431E1E6FB70075511C /* PBXTargetDependency */,
			);
			name = BasicImageScrollTests;
			productName = BasicImageScrollTests;
			productReference = DAE47C411E1E6FB70075511C /* BasicImageScrollTests.xctest */;
			productType = "com.apple.product-type.bundle.unit-test";
		};
		DAE47C4B1E1E6FB70075511C /* BasicImageScrollUITests */ = {
			isa = PBXNativeTarget;
			buildConfigurationList = DAE47C5B1E1E6FB70075511C /* Build configuration list for PBXNativeTarget "BasicImageScrollUITests" */;
			buildPhases = (
				DAE47C481E1E6FB70075511C /* Sources */,
				DAE47C491E1E6FB70075511C /* Frameworks */,
				DAE47C4A1E1E6FB70075511C /* Resources */,
			);
			buildRules = (
			);
			dependencies = (
				DAE47C4E1E1E6FB70075511C /* PBXTargetDependency */,
			);
			name = BasicImageScrollUITests;
			productName = BasicImageScrollUITests;
			productReference = DAE47C4C1E1E6FB70075511C /* BasicImageScrollUITests.xctest */;
			productType = "com.apple.product-type.bundle.ui-testing";
		};
/* End PBXNativeTarget section */

/* Begin PBXProject section */
		DAE47C201E1E6FB60075511C /* Project object */ = {
			isa = PBXProject;
			attributes = {
				LastUpgradeCheck = 0820;
				ORGANIZATIONNAME = "Nagam Pawan";
				TargetAttributes = {
					DAE47C271E1E6FB60075511C = {
						CreatedOnToolsVersion = 8.2.1;
						ProvisioningStyle = Automatic;
					};
					DAE47C401E1E6FB70075511C = {
						CreatedOnToolsVersion = 8.2.1;
						ProvisioningStyle = Automatic;
						TestTargetID = DAE47C271E1E6FB60075511C;
					};
					DAE47C4B1E1E6FB70075511C = {
						CreatedOnToolsVersion = 8.2.1;
						ProvisioningStyle = Automatic;
						TestTargetID = DAE47C271E1E6FB60075511C;
					};
				};
			};
			buildConfigurationList = DAE47C231E1E6FB60075511C /* Build configuration list for PBXProject "BasicImageScroll" */;
			compatibilityVersion = "Xcode 3.2";
			developmentRegion = English;
			hasScannedForEncodings = 0;
			knownRegions = (
				en,
				Base,
			);
			mainGroup = DAE47C1F1E1E6FB60075511C;
			productRefGroup = DAE47C291E1E6FB60075511C /* Products */;
			projectDirPath = "";
			projectRoot = "";
			targets = (
				DAE47C271E1E6FB60075511C /* BasicImageScroll */,
				DAE47C401E1E6FB70075511C /* BasicImageScrollTests */,
				DAE47C4B1E1E6FB70075511C /* BasicImageScrollUITests */,
			);
		};
/* End PBXProject section */

/* Begin PBXResourcesBuildPhase section */
		DAE47C261E1E6FB60075511C /* Resources */ = {
			isa = PBXResourcesBuildPhase;
			buildActionMask = 2147483647;
			files = (
				DAE47C6B1E1E715E0075511C /* NVDA.png in Resources */,
				DAE47C6A1E1E715E0075511C /* NKE.png in Resources */,
				DAE47C3B1E1E6FB60075511C /* LaunchScreen.storyboard in Resources */,
				DAE47C661E1E715E0075511C /* MSFT.png in Resources */,
				DAE47C6D1E1E715E0075511C /* ORCL.png in Resources */,
				DAE47C691E1E715E0075511C /* NI.png in Resources */,
				DAE47C381E1E6FB60075511C /* Assets.xcassets in Resources */,
				DAE47C681E1E715E0075511C /* NFLX.png in Resources */,
				DAE47C671E1E715E0075511C /* NFG.png in Resources */,
				DAE47C6C1E1E715E0075511C /* OHI.png in Resources */,
				DAE47C361E1E6FB60075511C /* Main.storyboard in Resources */,
			);
			runOnlyForDeploymentPostprocessing = 0;
		};
		DAE47C3F1E1E6FB70075511C /* Resources */ = {
			isa = PBXResourcesBuildPhase;
			buildActionMask = 2147483647;
			files = (
			);
			runOnlyForDeploymentPostprocessing = 0;
		};
		DAE47C4A1E1E6FB70075511C /* Resources */ = {
			isa = PBXResourcesBuildPhase;
			buildActionMask = 2147483647;
			files = (
			);
			runOnlyForDeploymentPostprocessing = 0;
		};
/* End PBXResourcesBuildPhase section */

/* Begin PBXSourcesBuildPhase section */
		DAE47C241E1E6FB60075511C /* Sources */ = {
			isa = PBXSourcesBuildPhase;
			buildActionMask = 2147483647;
			files = (
				DAE47C331E1E6FB60075511C /* ViewController.m in Sources */,
				DAE47C301E1E6FB60075511C /* AppDelegate.m in Sources */,
				DAE47C2D1E1E6FB60075511C /* main.m in Sources */,
			);
			runOnlyForDeploymentPostprocessing = 0;
		};
		DAE47C3D1E1E6FB70075511C /* Sources */ = {
			isa = PBXSourcesBuildPhase;
			buildActionMask = 2147483647;
			files = (
				DAE47C461E1E6FB70075511C /* BasicImageScrollTests.m in Sources */,
			);
			runOnlyForDeploymentPostprocessing = 0;
		};
		DAE47C481E1E6FB70075511C /* Sources */ = {
			isa = PBXSourcesBuildPhase;
			buildActionMask = 2147483647;
			files = (
				DAE47C511E1E6FB70075511C /* BasicImageScrollUITests.m in Sources */,
			);
			runOnlyForDeploymentPostprocessing = 0;
		};
/* End PBXSourcesBuildPhase section */

/* Begin PBXTargetDependency section */
		DAE47C431E1E6FB70075511C /* PBXTargetDependency */ = {
			isa = PBXTargetDependency;
			target = DAE47C271E1E6FB60075511C /* BasicImageScroll */;
			targetProxy = DAE47C421E1E6FB70075511C /* PBXContainerItemProxy */;
		};
		DAE47C4E1E1E6FB70075511C /* PBXTargetDependency */ = {
			isa = PBXTargetDependency;
			target = DAE47C271E1E6FB60075511C /* BasicImageScroll */;
			targetProxy = DAE47C4D1E1E6FB70075511C /* PBXContainerItemProxy */;
		};
/* End PBXTargetDependency section */

/* Begin PBXVariantGroup section */
		DAE47C341E1E6FB60075511C /* Main.storyboard */ = {
			isa = PBXVariantGroup;
			children = (
				DAE47C351E1E6FB60075511C /* Base */,
			);
			name = Main.storyboard;
			sourceTree = "<group>";
		};
		DAE47C391E1E6FB60075511C /* LaunchScreen.storyboard */ = {
			isa = PBXVariantGroup;
			children = (
				DAE47C3A1E1E6FB60075511C /* Base */,
			);
			name = LaunchScreen.storyboard;
			sourceTree = "<group>";
		};
/* End PBXVariantGroup section */

/* Begin XCBuildConfiguration section */
		DAE47C531E1E6FB70075511C /* Debug */ = {
			isa = XCBuildConfiguration;
			buildSettings = {
				ALWAYS_SEARCH_USER_PATHS = NO;
				CLANG_ANALYZER_NONNULL = YES;
				CLANG_CXX_LANGUAGE_STANDARD = "gnu++0x";
				CLANG_CXX_LIBRARY = "libc++";
				CLANG_ENABLE_MODULES = YES;
				CLANG_ENABLE_OBJC_ARC = YES;
				CLANG_WARN_BOOL_CONVERSION = YES;
				CLANG_WARN_CONSTANT_CONVERSION = YES;
				CLANG_WARN_DIRECT_OBJC_ISA_USAGE = YES_ERROR;
				CLANG_WARN_DOCUMENTATION_COMMENTS = YES;
				CLANG_WARN_EMPTY_BODY = YES;
				CLANG_WARN_ENUM_CONVERSION = YES;
				CLANG_WARN_INFINITE_RECURSION = YES;
				CLANG_WARN_INT_CONVERSION = YES;
				CLANG_WARN_OBJC_ROOT_CLASS = YES_ERROR;
				CLANG_WARN_SUSPICIOUS_MOVE = YES;
				CLANG_WARN_UNREACHABLE_CODE = YES;
				CLANG_WARN__DUPLICATE_METHOD_MATCH = YES;
				"CODE_SIGN_IDENTITY[sdk=iphoneos*]" = "iPhone Developer";
				COPY_PHASE_STRIP = NO;
				DEBUG_INFORMATION_FORMAT = dwarf;
				ENABLE_STRICT_OBJC_MSGSEND = YES;
				ENABLE_TESTABILITY = YES;
				GCC_C_LANGUAGE_STANDARD = gnu99;
				GCC_DYNAMIC_NO_PIC = NO;
				GCC_NO_COMMON_BLOCKS = YES;
				GCC_OPTIMIZATION_LEVEL = 0;
				GCC_PREPROCESSOR_DEFINITIONS = (
					"DEBUG=1",
					"$(inherited)",
				);
				GCC_WARN_64_TO_32_BIT_CONVERSION = YES;
				GCC_WARN_ABOUT_RETURN_TYPE = YES_ERROR;
				GCC_WARN_UNDECLARED_SELECTOR = YES;
				GCC_WARN_UNINITIALIZED_AUTOS = YES_AGGRESSIVE;
				GCC_WARN_UNUSED_FUNCTION = YES;
				GCC_WARN_UNUSED_VARIABLE = YES;
				IPHONEOS_DEPLOYMENT_TARGET = 10.2;
				MTL_ENABLE_DEBUG_INFO = YES;
				ONLY_ACTIVE_ARCH = YES;
				SDKROOT = iphoneos;
				TARGETED_DEVICE_FAMILY = "1,2";
			};
			name = Debug;
		};
		DAE47C541E1E6FB70075511C /* Release */ = {
			isa = XCBuildConfiguration;
			buildSettings = {
				ALWAYS_SEARCH_USER_PATHS = NO;
				CLANG_ANALYZER_NONNULL = YES;
				CLANG_CXX_LANGUAGE_STANDARD = "gnu++0x";
				CLANG_CXX_LIBRARY = "libc++";
				CLANG_ENABLE_MODULES = YES;
				CLANG_ENABLE_OBJC_ARC = YES;
				CLANG_WARN_BOOL_CONVERSION = YES;
				CLANG_WARN_CONSTANT_CONVERSION = YES;
				CLANG_WARN_DIRECT_OBJC_ISA_USAGE = YES_ERROR;
				CLANG_WARN_DOCUMENTATION_COMMENTS = YES;
				CLANG_WARN_EMPTY_BODY = YES;
				CLANG_WARN_ENUM_CONVERSION = YES;
				CLANG_WARN_INFINITE_RECURSION = YES;
				CLANG_WARN_INT_CONVERSION = YES;
				CLANG_WARN_OBJC_ROOT_CLASS = YES_ERROR;
				CLANG_WARN_SUSPICIOUS_MOVE = YES;
				CLANG_WARN_UNREACHABLE_CODE = YES;
				CLANG_WARN__DUPLICATE_METHOD_MATCH = YES;
				"CODE_SIGN_IDENTITY[sdk=iphoneos*]" = "iPhone Developer";
				COPY_PHASE_STRIP = NO;
				DEBUG_INFORMATION_FORMAT = "dwarf-with-dsym";
				ENABLE_NS_ASSERTIONS = NO;
				ENABLE_STRICT_OBJC_MSGSEND = YES;
				GCC_C_LANGUAGE_STANDARD = gnu99;
				GCC_NO_COMMON_BLOCKS = YES;
				GCC_WARN_64_TO_32_BIT_CONVERSION = YES;
				GCC_WARN_ABOUT_RETURN_TYPE = YES_ERROR;
				GCC_WARN_UNDECLARED_SELECTOR = YES;
				GCC_WARN_UNINITIALIZED_AUTOS = YES_AGGRESSIVE;
				GCC_WARN_UNUSED_FUNCTION = YES;
				GCC_WARN_UNUSED_VARIABLE = YES;
				IPHONEOS_DEPLOYMENT_TARGET = 10.2;
				MTL_ENABLE_DEBUG_INFO = NO;
				SDKROOT = iphoneos;
				TARGETED_DEVICE_FAMILY = "1,2";
				VALIDATE_PRODUCT = YES;
			};
			name = Release;
		};
		DAE47C561E1E6FB70075511C /* Debug */ = {
			isa = XCBuildConfiguration;
			buildSettings = {
				ASSETCATALOG_COMPILER_APPICON_NAME = AppIcon;
				INFOPLIST_FILE = BasicImageScroll/Info.plist;
				LD_RUNPATH_SEARCH_PATHS = "$(inherited) @executable_path/Frameworks";
				PRODUCT_BUNDLE_IDENTIFIER = Neorays.BasicImageScroll;
				PRODUCT_NAME = "$(TARGET_NAME)";
			};
			name = Debug;
		};
		DAE47C571E1E6FB70075511C /* Release */ = {
			isa = XCBuildConfiguration;
			buildSettings = {
				ASSETCATALOG_COMPILER_APPICON_NAME = AppIcon;
				INFOPLIST_FILE = BasicImageScroll/Info.plist;
				LD_RUNPATH_SEARCH_PATHS = "$(inherited) @executable_path/Frameworks";
				PRODUCT_BUNDLE_IDENTIFIER = Neorays.BasicImageScroll;
				PRODUCT_NAME = "$(TARGET_NAME)";
			};
			name = Release;
		};
		DAE47C591E1E6FB70075511C /* Debug */ = {
			isa = XCBuildConfiguration;
			buildSettings = {
				BUNDLE_LOADER = "$(TEST_HOST)";
				INFOPLIST_FILE = BasicImageScrollTests/Info.plist;
				LD_RUNPATH_SEARCH_PATHS = "$(inherited) @executable_path/Frameworks @loader_path/Frameworks";
				PRODUCT_BUNDLE_IDENTIFIER = Neorays.BasicImageScrollTests;
				PRODUCT_NAME = "$(TARGET_NAME)";
				TEST_HOST = "$(BUILT_PRODUCTS_DIR)/BasicImageScroll.app/BasicImageScroll";
			};
			name = Debug;
		};
		DAE47C5A1E1E6FB70075511C /* Release */ = {
			isa = XCBuildConfiguration;
			buildSettings = {
				BUNDLE_LOADER = "$(TEST_HOST)";
				INFOPLIST_FILE = BasicImageScrollTests/Info.plist;
				LD_RUNPATH_SEARCH_PATHS = "$(inherited) @executable_path/Frameworks @loader_path/Frameworks";
				PRODUCT_BUNDLE_IDENTIFIER = Neorays.BasicImageScrollTests;
				PRODUCT_NAME = "$(TARGET_NAME)";
				TEST_HOST = "$(BUILT_PRODUCTS_DIR)/BasicImageScroll.app/BasicImageScroll";
			};
			name = Release;
		};
		DAE47C5C1E1E6FB70075511C /* Debug */ = {
			isa = XCBuildConfiguration;
			buildSettings = {
				INFOPLIST_FILE = BasicImageScrollUITests/Info.plist;
				LD_RUNPATH_SEARCH_PATHS = "$(inherited) @executable_path/Frameworks @loader_path/Frameworks";
				PRODUCT_BUNDLE_IDENTIFIER = Neorays.BasicImageScrollUITests;
				PRODUCT_NAME = "$(TARGET_NAME)";
				TEST_TARGET_NAME = BasicImageScroll;
			};
			name = Debug;
		};
		DAE47C5D1E1E6FB70075511C /* Release */ = {
			isa = XCBuildConfiguration;
			buildSettings = {
				INFOPLIST_FILE = BasicImageScrollUITests/Info.plist;
				LD_RUNPATH_SEARCH_PATHS = "$(inherited) @executable_path/Frameworks @loader_path/Frameworks";
				PRODUCT_BUNDLE_IDENTIFIER = Neorays.BasicImageScrollUITests;
				PRODUCT_NAME = "$(TARGET_NAME)";
				TEST_TARGET_NAME = BasicImageScroll;
			};
			name = Release;
		};
/* End XCBuildConfiguration section */

/* Begin XCConfigurationList section */
		DAE47C231E1E6FB60075511C /* Build configuration list for PBXProject "BasicImageScroll" */ = {
			isa = XCConfigurationList;
			buildConfigurations = (
				DAE47C531E1E6FB70075511C /* Debug */,
				DAE47C541E1E6FB70075511C /* Release */,
			);
			defaultConfigurationIsVisible = 0;
			defaultConfigurationName = Release;
		};
		DAE47C551E1E6FB70075511C /* Build configuration list for PBXNativeTarget "BasicImageScroll" */ = {
			isa = XCConfigurationList;
			buildConfigurations = (
				DAE47C561E1E6FB70075511C /* Debug */,
				DAE47C571E1E6FB70075511C /* Release */,
			);
			defaultConfigurationIsVisible = 0;
		};
		DAE47C581E1E6FB70075511C /* Build configuration list for PBXNativeTarget "BasicImageScrollTests" */ = {
			isa = XCConfigurationList;
			buildConfigurations = (
				DAE47C591E1E6FB70075511C /* Debug */,
				DAE47C5A1E1E6FB70075511C /* Release */,
			);
			defaultConfigurationIsVisible = 0;
		};
		DAE47C5B1E1E6FB70075511C /* Build configuration list for PBXNativeTarget "BasicImageScrollUITests" */ = {
			isa = XCConfigurationList;
			buildConfigurations = (
				DAE47C5C1E1E6FB70075511C /* Debug */,
				DAE47C5D1E1E6FB70075511C /* Release */,
			);
			defaultConfigurationIsVisible = 0;
		};
/* End XCConfigurationList section */
	};
	rootObject = DAE47C201E1E6FB60075511C /* Project object */;
}
